{
    "_readme": [
        "This file locks the dependencies of your project to a known state",
        "Read more about it at https://getcomposer.org/doc/01-basic-usage.md#installing-dependencies",
        "This file is @generated automatically"
    ],
    "content-hash": "f1ff5056e3fd49423254ab0d33403abf",
    "packages": [
        {
            "name": "tburry/pquery",
            "version": "v1.1.1",
            "source": {
                "type": "git",
                "url": "https://github.com/tburry/pquery.git",
                "reference": "872339ffd38d261c4417ea1855428b1b4ff9abf1"
            },
            "dist": {
                "type": "zip",
                "url": "https://api.github.com/repos/tburry/pquery/zipball/872339ffd38d261c4417ea1855428b1b4ff9abf1",
                "reference": "872339ffd38d261c4417ea1855428b1b4ff9abf1",
                "shasum": ""
            },
            "require": {
                "php": ">=5.3.0"
            },
            "require-dev": {
                "htmlawed/htmlawed": "dev-master"
            },
            "type": "library",
            "autoload": {
                "classmap": [
                    "IQuery.php",
                    "gan_formatter.php",
                    "gan_node_html.php",
                    "gan_parser_html.php",
                    "gan_selector_html.php",
                    "gan_tokenizer.php",
                    "gan_xml2array.php",
                    "pQuery.php"
                ]
            },
            "notification-url": "https://packagist.org/downloads/",
            "license": [
                "LGPL-2.1"
            ],
            "authors": [
                {
                    "name": "Todd Burry",
                    "email": "todd@vanillaforums.com",
                    "role": "developer"
                }
            ],
            "description": "A jQuery like html dom parser written in php.",
            "keywords": [
                "dom",
                "ganon",
                "php"
            ],
            "time": "2016-01-14T20:55:00+00:00"
        }
    ],
    "packages-dev": [],
    "aliases": [],
    "minimum-stability": "stable",
    "stability-flags": [],
    "prefer-stable": false,
    "prefer-lowest": false,
    "platform": [],
    "platform-dev": [],
    "plugin-api-version": "1.1.0"
}
